PODS:
  - Alamofire (3.0.0-beta.1)
  - Himotoki (1.1.0)
  - OHHTTPStubs (4.3.0):
    - OHHTTPStubs/Default (= 4.3.0)
  - OHHTTPStubs/Core (4.3.0)
  - OHHTTPStubs/Default (4.3.0):
    - OHHTTPStubs/Core
    - OHHTTPStubs/JSON
    - OHHTTPStubs/NSURLSession
    - OHHTTPStubs/OHPathHelpers
  - OHHTTPStubs/JSON (4.3.0):
    - OHHTTPStubs/Core
  - OHHTTPStubs/NSURLSession (4.3.0):
    - OHHTTPStubs/Core
  - OHHTTPStubs/OHPathHelpers (4.3.0)

DEPENDENCIES:
  - Alamofire (= 3.0.0-beta.1)
  - Himotoki
  - OHHTTPStubs

SPEC CHECKSUMS:
  Alamofire: b1b493dfb758bb73e6eafce616ea529aca18b2ad
  Himotoki: a15cb17fafe96a86bef9229c25cf0d1d0f6b32dc
  OHHTTPStubs: 0aec5755528693a165bd616cb79f69387de306a8

COCOAPODS: 0.38.2
